
Microsoft Visual Studio Solution File, Format Version 11.00
# Visual Studio 2010
Project("{8BC9CEB8-8B4A-11D0-8D11-00A0C91BC942}") = "Лаба7.1", "Лаба7.1\Лаба7.1.vcxproj", "{1081D9D2-8396-4955-8FB1-05C9809F4554}"
EndProject
Global
	GlobalSection(SolutionConfigurationPlatforms) = preSolution
		Debug|Win32 = Debug|Win32
		Release|Win32 = Release|Win32
	EndGlobalSection
	GlobalSection(ProjectConfigurationPlatforms) = postSolution
		{1081D9D2-8396-4955-8FB1-05C9809F4554}.Debug|Win32.ActiveCfg = Debug|Win32
		{1081D9D2-8396-4955-8FB1-05C9809F4554}.Debug|Win32.Build.0 = Debug|Win32
		{1081D9D2-8396-4955-8FB1-05C9809F4554}.Release|Win32.ActiveCfg = Release|Win32
		{1081D9D2-8396-4955-8FB1-05C9809F4554}.Release|Win32.Build.0 = Release|Win32
	EndGlobalSection
	GlobalSection(SolutionProperties) = preSolution
		HideSolutionNode = FALSE
	EndGlobalSection
EndGlobal
